
Microsoft Visual Studio Solution File, Format Version 12.00
# Visual Studio 15
VisualStudioVersion = 15.0.26228.9
MinimumVisualStudioVersion = 10.0.40219.1
Project("{FAE04EC0-301F-11D3-BF4B-00C04F79EFBC}") = "GiftExchange", "GiftExchange\GiftExchange.csproj", "{3F93D235-BC5E-49E7-80BE-5D81B4CD669C}"
EndProject
Global
	GlobalSection(SolutionConfigurationPlatforms) = preSolution
		Debug|Any CPU = Debug|Any CPU
		Release|Any CPU = Release|Any CPU
	EndGlobalSection
	GlobalSection(ProjectConfigurationPlatforms) = postSolution
		{3F93D235-BC5E-49E7-80BE-5D81B4CD669C}.Debug|Any CPU.ActiveCfg = Debug|Any CPU
		{3F93D235-BC5E-49E7-80BE-5D81B4CD669C}.Debug|Any CPU.Build.0 = Debug|Any CPU
		{3F93D235-BC5E-49E7-80BE-5D81B4CD669C}.Release|Any CPU.ActiveCfg = Release|Any CPU
		{3F93D235-BC5E-49E7-80BE-5D81B4CD669C}.Release|Any CPU.Build.0 = Release|Any CPU
	EndGlobalSection
	GlobalSection(SolutionProperties) = preSolution
		HideSolutionNode = FALSE
	EndGlobalSection
EndGlobal
